
Microsoft Visual Studio Solution File, Format Version 12.00
# Visual Studio 15
Project("{FAE04EC0-301F-11D3-BF4B-00C04F79EFBC}") = "UnityEngine.TestRunner", "UnityEngine.TestRunner.csproj", "{844C39DC-0733-0763-B45C-F0A61B27AE91}"
EndProject
Project("{FAE04EC0-301F-11D3-BF4B-00C04F79EFBC}") = "Unity.Mathematics", "Unity.Mathematics.csproj", "{DAF5C813-0959-223A-82CF-BCE7E9A51C87}"
EndProject
Project("{FAE04EC0-301F-11D3-BF4B-00C04F79EFBC}") = "Unity.2D.Animation.Triangle.Runtime", "Unity.2D.Animation.Triangle.Runtime.csproj", "{ADEB6D2E-702B-0B8B-1A0F-35402300FFC0}"
EndProject
Project("{FAE04EC0-301F-11D3-BF4B-00C04F79EFBC}") = "Unity.Timeline", "Unity.Timeline.csproj", "{58A5BB31-5019-658C-A61B-F186FAB7A73A}"
EndProject
Project("{FAE04EC0-301F-11D3-BF4B-00C04F79EFBC}") = "UnityEngine.UI", "UnityEngine.UI.csproj", "{2F832957-9951-2DE4-2609-108A4B7B8381}"
EndProject
Project("{FAE04EC0-301F-11D3-BF4B-00C04F79EFBC}") = "Cinemachine", "Cinemachine.csproj", "{5EB124EC-E46A-6F85-25E2-F490F4F9CA54}"
EndProject
Project("{FAE04EC0-301F-11D3-BF4B-00C04F79EFBC}") = "Unity.TextMeshPro", "Unity.TextMeshPro.csproj", "{C63EA519-D2B1-5AFD-B86D-6A35479DEC06}"
EndProject
Project("{FAE04EC0-301F-11D3-BF4B-00C04F79EFBC}") = "Unity.2D.Animation.Runtime", "Unity.2D.Animation.Runtime.csproj", "{ECC18C43-1AE1-C471-9F02-8D9F01F310E6}"
EndProject
Project("{FAE04EC0-301F-11D3-BF4B-00C04F79EFBC}") = "Unity.2D.IK.Runtime", "Unity.2D.IK.Runtime.csproj", "{905E4F1D-0007-024E-C673-4A354644DB40}"
EndProject
Project("{FAE04EC0-301F-11D3-BF4B-00C04F79EFBC}") = "Assembly-CSharp", "Assembly-CSharp.csproj", "{D82C79FC-A46B-2676-BD6B-13643A394AEF}"
EndProject
Project("{FAE04EC0-301F-11D3-BF4B-00C04F79EFBC}") = "Unity.2D.Common.Runtime", "Unity.2D.Common.Runtime.csproj", "{5BDA9559-2218-F8AF-B197-0955560D30C6}"
EndProject
Project("{FAE04EC0-301F-11D3-BF4B-00C04F79EFBC}") = "Unity.InternalAPIEngineBridge.001", "Unity.InternalAPIEngineBridge.001.csproj", "{92FF3ECA-A384-DDC3-6934-3255973565EF}"
EndProject
Project("{FAE04EC0-301F-11D3-BF4B-00C04F79EFBC}") = "Unity.2D.SpriteShape.Runtime", "Unity.2D.SpriteShape.Runtime.csproj", "{87527E8C-784F-0422-5A31-B10DD10530C2}"
EndProject
Project("{FAE04EC0-301F-11D3-BF4B-00C04F79EFBC}") = "Unity.Recorder", "Unity.Recorder.csproj", "{379A96F3-8223-9E90-1F7D-1AAFCAC3B972}"
EndProject
Project("{FAE04EC0-301F-11D3-BF4B-00C04F79EFBC}") = "Unity.Recorder.Base", "Unity.Recorder.Base.csproj", "{76E51497-F3C8-13AC-47D5-580873F893C2}"
EndProject
Project("{FAE04EC0-301F-11D3-BF4B-00C04F79EFBC}") = "UnityEditor.TestRunner", "UnityEditor.TestRunner.csproj", "{4B6FF3CE-D0D1-523B-7FBD-6B01A6A9F679}"
EndProject
Project("{FAE04EC0-301F-11D3-BF4B-00C04F79EFBC}") = "Unity.PlasticSCM.Editor", "Unity.PlasticSCM.Editor.csproj", "{10A64F7B-B6BB-4392-BA35-EA1121CCC11B}"
EndProject
Project("{FAE04EC0-301F-11D3-BF4B-00C04F79EFBC}") = "UnityEditor.UI", "UnityEditor.UI.csproj", "{F8227E0B-4846-4CDB-C2B0-7268F9C2668A}"
EndProject
Project("{FAE04EC0-301F-11D3-BF4B-00C04F79EFBC}") = "Unity.Timeline.Editor", "Unity.Timeline.Editor.csproj", "{9FBCF6C0-73BE-5D84-A8CA-E201B80FDF34}"
EndProject
Project("{FAE04EC0-301F-11D3-BF4B-00C04F79EFBC}") = "Unity.VisualStudio.Editor", "Unity.VisualStudio.Editor.csproj", "{4CC3C141-A0E1-42A5-3B7B-ACE0AA37A452}"
EndProject
Project("{FAE04EC0-301F-11D3-BF4B-00C04F79EFBC}") = "com.unity.cinemachine.editor", "com.unity.cinemachine.editor.csproj", "{8B99185B-3656-AB5E-CC4F-144C64E088DC}"
EndProject
Project("{FAE04EC0-301F-11D3-BF4B-00C04F79EFBC}") = "Unity.2D.Animation.Editor", "Unity.2D.Animation.Editor.csproj", "{CA2EFAFA-8FE5-AD20-7E2A-4131A707CA06}"
EndProject
Project("{FAE04EC0-301F-11D3-BF4B-00C04F79EFBC}") = "Unity.TextMeshPro.Editor", "Unity.TextMeshPro.Editor.csproj", "{65A2D6A5-99EB-FAE7-479C-AA46554C908D}"
EndProject
Project("{FAE04EC0-301F-11D3-BF4B-00C04F79EFBC}") = "Unity.CollabProxy.Editor", "Unity.CollabProxy.Editor.csproj", "{E689CB0A-8D4A-53B6-0E96-F001B0F1FACD}"
EndProject
Project("{FAE04EC0-301F-11D3-BF4B-00C04F79EFBC}") = "Unity.Rider.Editor", "Unity.Rider.Editor.csproj", "{062334D2-D26E-1755-9E4B-5C98007CBBC2}"
EndProject
Project("{FAE04EC0-301F-11D3-BF4B-00C04F79EFBC}") = "Unity.2D.IK.Editor", "Unity.2D.IK.Editor.csproj", "{CC67A85A-E6FC-EE4B-903D-5CFF08B914F2}"
EndProject
Project("{FAE04EC0-301F-11D3-BF4B-00C04F79EFBC}") = "Unity.2D.Sprite.Editor", "Unity.2D.Sprite.Editor.csproj", "{D8FDDAC8-410B-10E9-123D-FEDB6E1A3488}"
EndProject
Project("{FAE04EC0-301F-11D3-BF4B-00C04F79EFBC}") = "Unity.VSCode.Editor", "Unity.VSCode.Editor.csproj", "{7C6ADCCB-BA80-C6E0-22A0-91314BC18B59}"
EndProject
Project("{FAE04EC0-301F-11D3-BF4B-00C04F79EFBC}") = "Unity.2D.Common.Editor", "Unity.2D.Common.Editor.csproj", "{6B0162E0-50DF-564F-306C-8B56B1DBA177}"
EndProject
Project("{FAE04EC0-301F-11D3-BF4B-00C04F79EFBC}") = "Unity.Mathematics.Editor", "Unity.Mathematics.Editor.csproj", "{C16286E4-47B1-D049-B5F0-AE5E18A912E8}"
EndProject
Project("{FAE04EC0-301F-11D3-BF4B-00C04F79EFBC}") = "Unity.InternalAPIEditorBridge.001", "Unity.InternalAPIEditorBridge.001.csproj", "{133BB778-9169-942A-C0AE-ADE89FC8BDBD}"
EndProject
Project("{FAE04EC0-301F-11D3-BF4B-00C04F79EFBC}") = "Unity.2D.Tilemap.Editor", "Unity.2D.Tilemap.Editor.csproj", "{E0DB92C4-4C64-7B21-EF35-666298D1F649}"
EndProject
Project("{FAE04EC0-301F-11D3-BF4B-00C04F79EFBC}") = "Unity.2D.Path.Editor", "Unity.2D.Path.Editor.csproj", "{F383039E-7F3A-EB7A-DDC5-0431283863EC}"
EndProject
Project("{FAE04EC0-301F-11D3-BF4B-00C04F79EFBC}") = "Unity.2D.SpriteShape.Editor", "Unity.2D.SpriteShape.Editor.csproj", "{D0176C92-7C57-1AD6-8F81-B1BA504700DE}"
EndProject
Project("{FAE04EC0-301F-11D3-BF4B-00C04F79EFBC}") = "Unity.Recorder.Editor", "Unity.Recorder.Editor.csproj", "{5101D1AA-E39D-619E-2C1D-6A221D3FBCA4}"
EndProject
Project("{FAE04EC0-301F-11D3-BF4B-00C04F79EFBC}") = "UnityEngine.TestRunner", "UnityEngine.TestRunner.Player.csproj", "{CFF7090C-E790-2296-4C0E-F17183B64505}"
EndProject
Project("{FAE04EC0-301F-11D3-BF4B-00C04F79EFBC}") = "Unity.Mathematics", "Unity.Mathematics.Player.csproj", "{F9A12835-248F-B418-6735-B19DC8F798FF}"
EndProject
Project("{FAE04EC0-301F-11D3-BF4B-00C04F79EFBC}") = "Unity.2D.Animation.Triangle.Runtime", "Unity.2D.Animation.Triangle.Runtime.Player.csproj", "{3A71FB3D-6D27-A320-2F4A-FDB79E5AB974}"
EndProject
Project("{FAE04EC0-301F-11D3-BF4B-00C04F79EFBC}") = "Unity.Timeline", "Unity.Timeline.Player.csproj", "{0AA08EAB-3BF4-59DD-71D1-316DD07C1883}"
EndProject
Project("{FAE04EC0-301F-11D3-BF4B-00C04F79EFBC}") = "UnityEngine.UI", "UnityEngine.UI.Player.csproj", "{D0C19975-2F68-77B8-11B5-6C4110E8485E}"
EndProject
Project("{FAE04EC0-301F-11D3-BF4B-00C04F79EFBC}") = "Cinemachine", "Cinemachine.Player.csproj", "{3FF7B360-6CDF-1512-7214-199314ACF839}"
EndProject
Project("{FAE04EC0-301F-11D3-BF4B-00C04F79EFBC}") = "Unity.TextMeshPro", "Unity.TextMeshPro.Player.csproj", "{1280380E-F312-89E5-9386-41E37FE846A1}"
EndProject
Project("{FAE04EC0-301F-11D3-BF4B-00C04F79EFBC}") = "Unity.2D.Animation.Runtime", "Unity.2D.Animation.Runtime.Player.csproj", "{B5728D6B-16A1-270A-3D08-6D6CFE412F6D}"
EndProject
Project("{FAE04EC0-301F-11D3-BF4B-00C04F79EFBC}") = "Unity.2D.IK.Runtime", "Unity.2D.IK.Runtime.Player.csproj", "{E9C8B44C-AF7A-FE81-C7B5-962848A3EBBF}"
EndProject
Project("{FAE04EC0-301F-11D3-BF4B-00C04F79EFBC}") = "Assembly-CSharp", "Assembly-CSharp.Player.csproj", "{95569BF5-D5D6-82AB-B455-79A90FAA5485}"
EndProject
Project("{FAE04EC0-301F-11D3-BF4B-00C04F79EFBC}") = "Unity.2D.Common.Runtime", "Unity.2D.Common.Runtime.Player.csproj", "{EB77EE2E-F854-034A-9584-24DBF5FA90D2}"
EndProject
Project("{FAE04EC0-301F-11D3-BF4B-00C04F79EFBC}") = "Unity.InternalAPIEngineBridge.001", "Unity.InternalAPIEngineBridge.001.Player.csproj", "{80E1E80E-2A6C-41E4-B7E7-05E6E16873DD}"
EndProject
Project("{FAE04EC0-301F-11D3-BF4B-00C04F79EFBC}") = "Unity.2D.SpriteShape.Runtime", "Unity.2D.SpriteShape.Runtime.Player.csproj", "{B8350B1A-CCD0-CE2B-721F-E9FAFED18F1F}"
EndProject
Project("{FAE04EC0-301F-11D3-BF4B-00C04F79EFBC}") = "Unity.Recorder", "Unity.Recorder.Player.csproj", "{D720B68C-C044-596A-0735-1510C084D5F9}"
EndProject
Project("{FAE04EC0-301F-11D3-BF4B-00C04F79EFBC}") = "Unity.Recorder.Base", "Unity.Recorder.Base.Player.csproj", "{3EEAA92D-FEBE-94A6-A9AB-BC8B910B161E}"
EndProject
Global
	GlobalSection(SolutionConfigurationPlatforms) = preSolution
		Debug|Any CPU = Debug|Any CPU
		Release|Any CPU = Release|Any CPU
	EndGlobalSection
	GlobalSection(ProjectConfigurationPlatforms) = postSolution
		{844C39DC-0733-0763-B45C-F0A61B27AE91}.Debug|Any CPU.ActiveCfg = Debug|Any CPU
		{844C39DC-0733-0763-B45C-F0A61B27AE91}.Debug|Any CPU.Build.0 = Debug|Any CPU
		{844C39DC-0733-0763-B45C-F0A61B27AE91}.Release|Any CPU.ActiveCfg = Release|Any CPU
		{844C39DC-0733-0763-B45C-F0A61B27AE91}.Release|Any CPU.Build.0 = Release|Any CPU
		{DAF5C813-0959-223A-82CF-BCE7E9A51C87}.Debug|Any CPU.ActiveCfg = Debug|Any CPU
		{DAF5C813-0959-223A-82CF-BCE7E9A51C87}.Debug|Any CPU.Build.0 = Debug|Any CPU
		{DAF5C813-0959-223A-82CF-BCE7E9A51C87}.Release|Any CPU.ActiveCfg = Release|Any CPU
		{DAF5C813-0959-223A-82CF-BCE7E9A51C87}.Release|Any CPU.Build.0 = Release|Any CPU
		{ADEB6D2E-702B-0B8B-1A0F-35402300FFC0}.Debug|Any CPU.ActiveCfg = Debug|Any CPU
		{ADEB6D2E-702B-0B8B-1A0F-35402300FFC0}.Debug|Any CPU.Build.0 = Debug|Any CPU
		{ADEB6D2E-702B-0B8B-1A0F-35402300FFC0}.Release|Any CPU.ActiveCfg = Release|Any CPU
		{ADEB6D2E-702B-0B8B-1A0F-35402300FFC0}.Release|Any CPU.Build.0 = Release|Any CPU
		{58A5BB31-5019-658C-A61B-F186FAB7A73A}.Debug|Any CPU.ActiveCfg = Debug|Any CPU
		{58A5BB31-5019-658C-A61B-F186FAB7A73A}.Debug|Any CPU.Build.0 = Debug|Any CPU
		{58A5BB31-5019-658C-A61B-F186FAB7A73A}.Release|Any CPU.ActiveCfg = Release|Any CPU
		{58A5BB31-5019-658C-A61B-F186FAB7A73A}.Release|Any CPU.Build.0 = Release|Any CPU
		{2F832957-9951-2DE4-2609-108A4B7B8381}.Debug|Any CPU.ActiveCfg = Debug|Any CPU
		{2F832957-9951-2DE4-2609-108A4B7B8381}.Debug|Any CPU.Build.0 = Debug|Any CPU
		{2F832957-9951-2DE4-2609-108A4B7B8381}.Release|Any CPU.ActiveCfg = Release|Any CPU
		{2F832957-9951-2DE4-2609-108A4B7B8381}.Release|Any CPU.Build.0 = Release|Any CPU
		{5EB124EC-E46A-6F85-25E2-F490F4F9CA54}.Debug|Any CPU.ActiveCfg = Debug|Any CPU
		{5EB124EC-E46A-6F85-25E2-F490F4F9CA54}.Debug|Any CPU.Build.0 = Debug|Any CPU
		{5EB124EC-E46A-6F85-25E2-F490F4F9CA54}.Release|Any CPU.ActiveCfg = Release|Any CPU
		{5EB124EC-E46A-6F85-25E2-F490F4F9CA54}.Release|Any CPU.Build.0 = Release|Any CPU
		{C63EA519-D2B1-5AFD-B86D-6A35479DEC06}.Debug|Any CPU.ActiveCfg = Debug|Any CPU
		{C63EA519-D2B1-5AFD-B86D-6A35479DEC06}.Debug|Any CPU.Build.0 = Debug|Any CPU
		{C63EA519-D2B1-5AFD-B86D-6A35479DEC06}.Release|Any CPU.ActiveCfg = Release|Any CPU
		{C63EA519-D2B1-5AFD-B86D-6A35479DEC06}.Release|Any CPU.Build.0 = Release|Any CPU
		{ECC18C43-1AE1-C471-9F02-8D9F01F310E6}.Debug|Any CPU.ActiveCfg = Debug|Any CPU
		{ECC18C43-1AE1-C471-9F02-8D9F01F310E6}.Debug|Any CPU.Build.0 = Debug|Any CPU
		{ECC18C43-1AE1-C471-9F02-8D9F01F310E6}.Release|Any CPU.ActiveCfg = Release|Any CPU
		{ECC18C43-1AE1-C471-9F02-8D9F01F310E6}.Release|Any CPU.Build.0 = Release|Any CPU
		{905E4F1D-0007-024E-C673-4A354644DB40}.Debug|Any CPU.ActiveCfg = Debug|Any CPU
		{905E4F1D-0007-024E-C673-4A354644DB40}.Debug|Any CPU.Build.0 = Debug|Any CPU
		{905E4F1D-0007-024E-C673-4A354644DB40}.Release|Any CPU.ActiveCfg = Release|Any CPU
		{905E4F1D-0007-024E-C673-4A354644DB40}.Release|Any CPU.Build.0 = Release|Any CPU
		{D82C79FC-A46B-2676-BD6B-13643A394AEF}.Debug|Any CPU.ActiveCfg = Debug|Any CPU
		{D82C79FC-A46B-2676-BD6B-13643A394AEF}.Debug|Any CPU.Build.0 = Debug|Any CPU
		{D82C79FC-A46B-2676-BD6B-13643A394AEF}.Release|Any CPU.ActiveCfg = Release|Any CPU
		{D82C79FC-A46B-2676-BD6B-13643A394AEF}.Release|Any CPU.Build.0 = Release|Any CPU
		{5BDA9559-2218-F8AF-B197-0955560D30C6}.Debug|Any CPU.ActiveCfg = Debug|Any CPU
		{5BDA9559-2218-F8AF-B197-0955560D30C6}.Debug|Any CPU.Build.0 = Debug|Any CPU
		{5BDA9559-2218-F8AF-B197-0955560D30C6}.Release|Any CPU.ActiveCfg = Release|Any CPU
		{5BDA9559-2218-F8AF-B197-0955560D30C6}.Release|Any CPU.Build.0 = Release|Any CPU
		{92FF3ECA-A384-DDC3-6934-3255973565EF}.Debug|Any CPU.ActiveCfg = Debug|Any CPU
		{92FF3ECA-A384-DDC3-6934-3255973565EF}.Debug|Any CPU.Build.0 = Debug|Any CPU
		{92FF3ECA-A384-DDC3-6934-3255973565EF}.Release|Any CPU.ActiveCfg = Release|Any CPU
		{92FF3ECA-A384-DDC3-6934-3255973565EF}.Release|Any CPU.Build.0 = Release|Any CPU
		{87527E8C-784F-0422-5A31-B10DD10530C2}.Debug|Any CPU.ActiveCfg = Debug|Any CPU
		{87527E8C-784F-0422-5A31-B10DD10530C2}.Debug|Any CPU.Build.0 = Debug|Any CPU
		{87527E8C-784F-0422-5A31-B10DD10530C2}.Release|Any CPU.ActiveCfg = Release|Any CPU
		{87527E8C-784F-0422-5A31-B10DD10530C2}.Release|Any CPU.Build.0 = Release|Any CPU
		{379A96F3-8223-9E90-1F7D-1AAFCAC3B972}.Debug|Any CPU.ActiveCfg = Debug|Any CPU
		{379A96F3-8223-9E90-1F7D-1AAFCAC3B972}.Debug|Any CPU.Build.0 = Debug|Any CPU
		{379A96F3-8223-9E90-1F7D-1AAFCAC3B972}.Release|Any CPU.ActiveCfg = Release|Any CPU
		{379A96F3-8223-9E90-1F7D-1AAFCAC3B972}.Release|Any CPU.Build.0 = Release|Any CPU
		{76E51497-F3C8-13AC-47D5-580873F893C2}.Debug|Any CPU.ActiveCfg = Debug|Any CPU
		{76E51497-F3C8-13AC-47D5-580873F893C2}.Debug|Any CPU.Build.0 = Debug|Any CPU
		{76E51497-F3C8-13AC-47D5-580873F893C2}.Release|Any CPU.ActiveCfg = Release|Any CPU
		{76E51497-F3C8-13AC-47D5-580873F893C2}.Release|Any CPU.Build.0 = Release|Any CPU
		{4B6FF3CE-D0D1-523B-7FBD-6B01A6A9F679}.Debug|Any CPU.ActiveCfg = Debug|Any CPU
		{4B6FF3CE-D0D1-523B-7FBD-6B01A6A9F679}.Debug|Any CPU.Build.0 = Debug|Any CPU
		{4B6FF3CE-D0D1-523B-7FBD-6B01A6A9F679}.Release|Any CPU.ActiveCfg = Release|Any CPU
		{4B6FF3CE-D0D1-523B-7FBD-6B01A6A9F679}.Release|Any CPU.Build.0 = Release|Any CPU
		{10A64F7B-B6BB-4392-BA35-EA1121CCC11B}.Debug|Any CPU.ActiveCfg = Debug|Any CPU
		{10A64F7B-B6BB-4392-BA35-EA1121CCC11B}.Debug|Any CPU.Build.0 = Debug|Any CPU
		{10A64F7B-B6BB-4392-BA35-EA1121CCC11B}.Release|Any CPU.ActiveCfg = Release|Any CPU
		{10A64F7B-B6BB-4392-BA35-EA1121CCC11B}.Release|Any CPU.Build.0 = Release|Any CPU
		{F8227E0B-4846-4CDB-C2B0-7268F9C2668A}.Debug|Any CPU.ActiveCfg = Debug|Any CPU
		{F8227E0B-4846-4CDB-C2B0-7268F9C2668A}.Debug|Any CPU.Build.0 = Debug|Any CPU
		{F8227E0B-4846-4CDB-C2B0-7268F9C2668A}.Release|Any CPU.ActiveCfg = Release|Any CPU
		{F8227E0B-4846-4CDB-C2B0-7268F9C2668A}.Release|Any CPU.Build.0 = Release|Any CPU
		{9FBCF6C0-73BE-5D84-A8CA-E201B80FDF34}.Debug|Any CPU.ActiveCfg = Debug|Any CPU
		{9FBCF6C0-73BE-5D84-A8CA-E201B80FDF34}.Debug|Any CPU.Build.0 = Debug|Any CPU
		{9FBCF6C0-73BE-5D84-A8CA-E201B80FDF34}.Release|Any CPU.ActiveCfg = Release|Any CPU
		{9FBCF6C0-73BE-5D84-A8CA-E201B80FDF34}.Release|Any CPU.Build.0 = Release|Any CPU
		{4CC3C141-A0E1-42A5-3B7B-ACE0AA37A452}.Debug|Any CPU.ActiveCfg = Debug|Any CPU
		{4CC3C141-A0E1-42A5-3B7B-ACE0AA37A452}.Debug|Any CPU.Build.0 = Debug|Any CPU
		{4CC3C141-A0E1-42A5-3B7B-ACE0AA37A452}.Release|Any CPU.ActiveCfg = Release|Any CPU
		{4CC3C141-A0E1-42A5-3B7B-ACE0AA37A452}.Release|Any CPU.Build.0 = Release|Any CPU
		{8B99185B-3656-AB5E-CC4F-144C64E088DC}.Debug|Any CPU.ActiveCfg = Debug|Any CPU
		{8B99185B-3656-AB5E-CC4F-144C64E088DC}.Debug|Any CPU.Build.0 = Debug|Any CPU
		{8B99185B-3656-AB5E-CC4F-144C64E088DC}.Release|Any CPU.ActiveCfg = Release|Any CPU
		{8B99185B-3656-AB5E-CC4F-144C64E088DC}.Release|Any CPU.Build.0 = Release|Any CPU
		{CA2EFAFA-8FE5-AD20-7E2A-4131A707CA06}.Debug|Any CPU.ActiveCfg = Debug|Any CPU
		{CA2EFAFA-8FE5-AD20-7E2A-4131A707CA06}.Debug|Any CPU.Build.0 = Debug|Any CPU
		{CA2EFAFA-8FE5-AD20-7E2A-4131A707CA06}.Release|Any CPU.ActiveCfg = Release|Any CPU
		{CA2EFAFA-8FE5-AD20-7E2A-4131A707CA06}.Release|Any CPU.Build.0 = Release|Any CPU
		{65A2D6A5-99EB-FAE7-479C-AA46554C908D}.Debug|Any CPU.ActiveCfg = Debug|Any CPU
		{65A2D6A5-99EB-FAE7-479C-AA46554C908D}.Debug|Any CPU.Build.0 = Debug|Any CPU
		{65A2D6A5-99EB-FAE7-479C-AA46554C908D}.Release|Any CPU.ActiveCfg = Release|Any CPU
		{65A2D6A5-99EB-FAE7-479C-AA46554C908D}.Release|Any CPU.Build.0 = Release|Any CPU
		{E689CB0A-8D4A-53B6-0E96-F001B0F1FACD}.Debug|Any CPU.ActiveCfg = Debug|Any CPU
		{E689CB0A-8D4A-53B6-0E96-F001B0F1FACD}.Debug|Any CPU.Build.0 = Debug|Any CPU
		{E689CB0A-8D4A-53B6-0E96-F001B0F1FACD}.Release|Any CPU.ActiveCfg = Release|Any CPU
		{E689CB0A-8D4A-53B6-0E96-F001B0F1FACD}.Release|Any CPU.Build.0 = Release|Any CPU
		{062334D2-D26E-1755-9E4B-5C98007CBBC2}.Debug|Any CPU.ActiveCfg = Debug|Any CPU
		{062334D2-D26E-1755-9E4B-5C98007CBBC2}.Debug|Any CPU.Build.0 = Debug|Any CPU
		{062334D2-D26E-1755-9E4B-5C98007CBBC2}.Release|Any CPU.ActiveCfg = Release|Any CPU
		{062334D2-D26E-1755-9E4B-5C98007CBBC2}.Release|Any CPU.Build.0 = Release|Any CPU
		{CC67A85A-E6FC-EE4B-903D-5CFF08B914F2}.Debug|Any CPU.ActiveCfg = Debug|Any CPU
		{CC67A85A-E6FC-EE4B-903D-5CFF08B914F2}.Debug|Any CPU.Build.0 = Debug|Any CPU
		{CC67A85A-E6FC-EE4B-903D-5CFF08B914F2}.Release|Any CPU.ActiveCfg = Release|Any CPU
		{CC67A85A-E6FC-EE4B-903D-5CFF08B914F2}.Release|Any CPU.Build.0 = Release|Any CPU
		{D8FDDAC8-410B-10E9-123D-FEDB6E1A3488}.Debug|Any CPU.ActiveCfg = Debug|Any CPU
		{D8FDDAC8-410B-10E9-123D-FEDB6E1A3488}.Debug|Any CPU.Build.0 = Debug|Any CPU
		{D8FDDAC8-410B-10E9-123D-FEDB6E1A3488}.Release|Any CPU.ActiveCfg = Release|Any CPU
		{D8FDDAC8-410B-10E9-123D-FEDB6E1A3488}.Release|Any CPU.Build.0 = Release|Any CPU
		{7C6ADCCB-BA80-C6E0-22A0-91314BC18B59}.Debug|Any CPU.ActiveCfg = Debug|Any CPU
		{7C6ADCCB-BA80-C6E0-22A0-91314BC18B59}.Debug|Any CPU.Build.0 = Debug|Any CPU
		{7C6ADCCB-BA80-C6E0-22A0-91314BC18B59}.Release|Any CPU.ActiveCfg = Release|Any CPU
		{7C6ADCCB-BA80-C6E0-22A0-91314BC18B59}.Release|Any CPU.Build.0 = Release|Any CPU
		{6B0162E0-50DF-564F-306C-8B56B1DBA177}.Debug|Any CPU.ActiveCfg = Debug|Any CPU
		{6B0162E0-50DF-564F-306C-8B56B1DBA177}.Debug|Any CPU.Build.0 = Debug|Any CPU
		{6B0162E0-50DF-564F-306C-8B56B1DBA177}.Release|Any CPU.ActiveCfg = Release|Any CPU
		{6B0162E0-50DF-564F-306C-8B56B1DBA177}.Release|Any CPU.Build.0 = Release|Any CPU
		{C16286E4-47B1-D049-B5F0-AE5E18A912E8}.Debug|Any CPU.ActiveCfg = Debug|Any CPU
		{C16286E4-47B1-D049-B5F0-AE5E18A912E8}.Debug|Any CPU.Build.0 = Debug|Any CPU
		{C16286E4-47B1-D049-B5F0-AE5E18A912E8}.Release|Any CPU.ActiveCfg = Release|Any CPU
		{C16286E4-47B1-D049-B5F0-AE5E18A912E8}.Release|Any CPU.Build.0 = Release|Any CPU
		{133BB778-9169-942A-C0AE-ADE89FC8BDBD}.Debug|Any CPU.ActiveCfg = Debug|Any CPU
		{133BB778-9169-942A-C0AE-ADE89FC8BDBD}.Debug|Any CPU.Build.0 = Debug|Any CPU
		{133BB778-9169-942A-C0AE-ADE89FC8BDBD}.Release|Any CPU.ActiveCfg = Release|Any CPU
		{133BB778-9169-942A-C0AE-ADE89FC8BDBD}.Release|Any CPU.Build.0 = Release|Any CPU
		{E0DB92C4-4C64-7B21-EF35-666298D1F649}.Debug|Any CPU.ActiveCfg = Debug|Any CPU
		{E0DB92C4-4C64-7B21-EF35-666298D1F649}.Debug|Any CPU.Build.0 = Debug|Any CPU
		{E0DB92C4-4C64-7B21-EF35-666298D1F649}.Release|Any CPU.ActiveCfg = Release|Any CPU
		{E0DB92C4-4C64-7B21-EF35-666298D1F649}.Release|Any CPU.Build.0 = Release|Any CPU
		{F383039E-7F3A-EB7A-DDC5-0431283863EC}.Debug|Any CPU.ActiveCfg = Debug|Any CPU
		{F383039E-7F3A-EB7A-DDC5-0431283863EC}.Debug|Any CPU.Build.0 = Debug|Any CPU
		{F383039E-7F3A-EB7A-DDC5-0431283863EC}.Release|Any CPU.ActiveCfg = Release|Any CPU
		{F383039E-7F3A-EB7A-DDC5-0431283863EC}.Release|Any CPU.Build.0 = Release|Any CPU
		{D0176C92-7C57-1AD6-8F81-B1BA504700DE}.Debug|Any CPU.ActiveCfg = Debug|Any CPU
		{D0176C92-7C57-1AD6-8F81-B1BA504700DE}.Debug|Any CPU.Build.0 = Debug|Any CPU
		{D0176C92-7C57-1AD6-8F81-B1BA504700DE}.Release|Any CPU.ActiveCfg = Release|Any CPU
		{D0176C92-7C57-1AD6-8F81-B1BA504700DE}.Release|Any CPU.Build.0 = Release|Any CPU
		{5101D1AA-E39D-619E-2C1D-6A221D3FBCA4}.Debug|Any CPU.ActiveCfg = Debug|Any CPU
		{5101D1AA-E39D-619E-2C1D-6A221D3FBCA4}.Debug|Any CPU.Build.0 = Debug|Any CPU
		{5101D1AA-E39D-619E-2C1D-6A221D3FBCA4}.Release|Any CPU.ActiveCfg = Release|Any CPU
		{5101D1AA-E39D-619E-2C1D-6A221D3FBCA4}.Release|Any CPU.Build.0 = Release|Any CPU
		{CFF7090C-E790-2296-4C0E-F17183B64505}.Debug|Any CPU.ActiveCfg = Debug|Any CPU
		{CFF7090C-E790-2296-4C0E-F17183B64505}.Debug|Any CPU.Build.0 = Debug|Any CPU
		{CFF7090C-E790-2296-4C0E-F17183B64505}.Release|Any CPU.ActiveCfg = Release|Any CPU
		{CFF7090C-E790-2296-4C0E-F17183B64505}.Release|Any CPU.Build.0 = Release|Any CPU
		{F9A12835-248F-B418-6735-B19DC8F798FF}.Debug|Any CPU.ActiveCfg = Debug|Any CPU
		{F9A12835-248F-B418-6735-B19DC8F798FF}.Debug|Any CPU.Build.0 = Debug|Any CPU
		{F9A12835-248F-B418-6735-B19DC8F798FF}.Release|Any CPU.ActiveCfg = Release|Any CPU
		{F9A12835-248F-B418-6735-B19DC8F798FF}.Release|Any CPU.Build.0 = Release|Any CPU
		{3A71FB3D-6D27-A320-2F4A-FDB79E5AB974}.Debug|Any CPU.ActiveCfg = Debug|Any CPU
		{3A71FB3D-6D27-A320-2F4A-FDB79E5AB974}.Debug|Any CPU.Build.0 = Debug|Any CPU
		{3A71FB3D-6D27-A320-2F4A-FDB79E5AB974}.Release|Any CPU.ActiveCfg = Release|Any CPU
		{3A71FB3D-6D27-A320-2F4A-FDB79E5AB974}.Release|Any CPU.Build.0 = Release|Any CPU
		{0AA08EAB-3BF4-59DD-71D1-316DD07C1883}.Debug|Any CPU.ActiveCfg = Debug|Any CPU
		{0AA08EAB-3BF4-59DD-71D1-316DD07C1883}.Debug|Any CPU.Build.0 = Debug|Any CPU
		{0AA08EAB-3BF4-59DD-71D1-316DD07C1883}.Release|Any CPU.ActiveCfg = Release|Any CPU
		{0AA08EAB-3BF4-59DD-71D1-316DD07C1883}.Release|Any CPU.Build.0 = Release|Any CPU
		{D0C19975-2F68-77B8-11B5-6C4110E8485E}.Debug|Any CPU.ActiveCfg = Debug|Any CPU
		{D0C19975-2F68-77B8-11B5-6C4110E8485E}.Debug|Any CPU.Build.0 = Debug|Any CPU
		{D0C19975-2F68-77B8-11B5-6C4110E8485E}.Release|Any CPU.ActiveCfg = Release|Any CPU
		{D0C19975-2F68-77B8-11B5-6C4110E8485E}.Release|Any CPU.Build.0 = Release|Any CPU
		{3FF7B360-6CDF-1512-7214-199314ACF839}.Debug|Any CPU.ActiveCfg = Debug|Any CPU
		{3FF7B360-6CDF-1512-7214-199314ACF839}.Debug|Any CPU.Build.0 = Debug|Any CPU
		{3FF7B360-6CDF-1512-7214-199314ACF839}.Release|Any CPU.ActiveCfg = Release|Any CPU
		{3FF7B360-6CDF-1512-7214-199314ACF839}.Release|Any CPU.Build.0 = Release|Any CPU
		{1280380E-F312-89E5-9386-41E37FE846A1}.Debug|Any CPU.ActiveCfg = Debug|Any CPU
		{1280380E-F312-89E5-9386-41E37FE846A1}.Debug|Any CPU.Build.0 = Debug|Any CPU
		{1280380E-F312-89E5-9386-41E37FE846A1}.Release|Any CPU.ActiveCfg = Release|Any CPU
		{1280380E-F312-89E5-9386-41E37FE846A1}.Release|Any CPU.Build.0 = Release|Any CPU
		{B5728D6B-16A1-270A-3D08-6D6CFE412F6D}.Debug|Any CPU.ActiveCfg = Debug|Any CPU
		{B5728D6B-16A1-270A-3D08-6D6CFE412F6D}.Debug|Any CPU.Build.0 = Debug|Any CPU
		{B5728D6B-16A1-270A-3D08-6D6CFE412F6D}.Release|Any CPU.ActiveCfg = Release|Any CPU
		{B5728D6B-16A1-270A-3D08-6D6CFE412F6D}.Release|Any CPU.Build.0 = Release|Any CPU
		{E9C8B44C-AF7A-FE81-C7B5-962848A3EBBF}.Debug|Any CPU.ActiveCfg = Debug|Any CPU
		{E9C8B44C-AF7A-FE81-C7B5-962848A3EBBF}.Debug|Any CPU.Build.0 = Debug|Any CPU
		{E9C8B44C-AF7A-FE81-C7B5-962848A3EBBF}.Release|Any CPU.ActiveCfg = Release|Any CPU
		{E9C8B44C-AF7A-FE81-C7B5-962848A3EBBF}.Release|Any CPU.Build.0 = Release|Any CPU
		{95569BF5-D5D6-82AB-B455-79A90FAA5485}.Debug|Any CPU.ActiveCfg = Debug|Any CPU
		{95569BF5-D5D6-82AB-B455-79A90FAA5485}.Debug|Any CPU.Build.0 = Debug|Any CPU
		{95569BF5-D5D6-82AB-B455-79A90FAA5485}.Release|Any CPU.ActiveCfg = Release|Any CPU
		{95569BF5-D5D6-82AB-B455-79A90FAA5485}.Release|Any CPU.Build.0 = Release|Any CPU
		{EB77EE2E-F854-034A-9584-24DBF5FA90D2}.Debug|Any CPU.ActiveCfg = Debug|Any CPU
		{EB77EE2E-F854-034A-9584-24DBF5FA90D2}.Debug|Any CPU.Build.0 = Debug|Any CPU
		{EB77EE2E-F854-034A-9584-24DBF5FA90D2}.Release|Any CPU.ActiveCfg = Release|Any CPU
		{EB77EE2E-F854-034A-9584-24DBF5FA90D2}.Release|Any CPU.Build.0 = Release|Any CPU
		{80E1E80E-2A6C-41E4-B7E7-05E6E16873DD}.Debug|Any CPU.ActiveCfg = Debug|Any CPU
		{80E1E80E-2A6C-41E4-B7E7-05E6E16873DD}.Debug|Any CPU.Build.0 = Debug|Any CPU
		{80E1E80E-2A6C-41E4-B7E7-05E6E16873DD}.Release|Any CPU.ActiveCfg = Release|Any CPU
		{80E1E80E-2A6C-41E4-B7E7-05E6E16873DD}.Release|Any CPU.Build.0 = Release|Any CPU
		{B8350B1A-CCD0-CE2B-721F-E9FAFED18F1F}.Debug|Any CPU.ActiveCfg = Debug|Any CPU
		{B8350B1A-CCD0-CE2B-721F-E9FAFED18F1F}.Debug|Any CPU.Build.0 = Debug|Any CPU
		{B8350B1A-CCD0-CE2B-721F-E9FAFED18F1F}.Release|Any CPU.ActiveCfg = Release|Any CPU
		{B8350B1A-CCD0-CE2B-721F-E9FAFED18F1F}.Release|Any CPU.Build.0 = Release|Any CPU
		{D720B68C-C044-596A-0735-1510C084D5F9}.Debug|Any CPU.ActiveCfg = Debug|Any CPU
		{D720B68C-C044-596A-0735-1510C084D5F9}.Debug|Any CPU.Build.0 = Debug|Any CPU
		{D720B68C-C044-596A-0735-1510C084D5F9}.Release|Any CPU.ActiveCfg = Release|Any CPU
		{D720B68C-C044-596A-0735-1510C084D5F9}.Release|Any CPU.Build.0 = Release|Any CPU
		{3EEAA92D-FEBE-94A6-A9AB-BC8B910B161E}.Debug|Any CPU.ActiveCfg = Debug|Any CPU
		{3EEAA92D-FEBE-94A6-A9AB-BC8B910B161E}.Debug|Any CPU.Build.0 = Debug|Any CPU
		{3EEAA92D-FEBE-94A6-A9AB-BC8B910B161E}.Release|Any CPU.ActiveCfg = Release|Any CPU
		{3EEAA92D-FEBE-94A6-A9AB-BC8B910B161E}.Release|Any CPU.Build.0 = Release|Any CPU
	EndGlobalSection
	GlobalSection(SolutionProperties) = preSolution
		HideSolutionNode = FALSE
	EndGlobalSection
EndGlobal
